
Microsoft Visual Studio Solution File, Format Version 12.00
# Visual Studio 15
VisualStudioVersion = 15.0.28307.271
MinimumVisualStudioVersion = 10.0.40219.1
Project("{FAE04EC0-301F-11D3-BF4B-00C04F79EFBC}") = "ProjectEuler", "ProjectEuler\ProjectEuler.csproj", "{C8485661-5F87-4385-B184-37B31B157825}"
EndProject
Project("{FAE04EC0-301F-11D3-BF4B-00C04F79EFBC}") = "ProjectEulerTests", "ProjectEulerTests\ProjectEulerTests.csproj", "{80B6D9F0-AD54-4106-A4F3-51A36E01788F}"
EndProject
Global
	GlobalSection(SolutionConfigurationPlatforms) = preSolution
		Debug|Any CPU = Debug|Any CPU
		Release|Any CPU = Release|Any CPU
	EndGlobalSection
	GlobalSection(ProjectConfigurationPlatforms) = postSolution
		{C8485661-5F87-4385-B184-37B31B157825}.Debug|Any CPU.ActiveCfg = Debug|Any CPU
		{C8485661-5F87-4385-B184-37B31B157825}.Debug|Any CPU.Build.0 = Debug|Any CPU
		{C8485661-5F87-4385-B184-37B31B157825}.Release|Any CPU.ActiveCfg = Release|Any CPU
		{C8485661-5F87-4385-B184-37B31B157825}.Release|Any CPU.Build.0 = Release|Any CPU
		{80B6D9F0-AD54-4106-A4F3-51A36E01788F}.Debug|Any CPU.ActiveCfg = Debug|Any CPU
		{80B6D9F0-AD54-4106-A4F3-51A36E01788F}.Debug|Any CPU.Build.0 = Debug|Any CPU
		{80B6D9F0-AD54-4106-A4F3-51A36E01788F}.Release|Any CPU.ActiveCfg = Release|Any CPU
		{80B6D9F0-AD54-4106-A4F3-51A36E01788F}.Release|Any CPU.Build.0 = Release|Any CPU
	EndGlobalSection
	GlobalSection(SolutionProperties) = preSolution
		HideSolutionNode = FALSE
	EndGlobalSection
	GlobalSection(ExtensibilityGlobals) = postSolution
		SolutionGuid = {200C1DB3-C54C-4B1E-A49B-635A63F8C899}
	EndGlobalSection
EndGlobal
